
Microsoft Visual Studio Solution File, Format Version 12.00
# Visual Studio 15
VisualStudioVersion = 15.0.26730.12
MinimumVisualStudioVersion = 10.0.40219.1
Project("{FAE04EC0-301F-11D3-BF4B-00C04F79EFBC}") = "ferst vareabl", "ferst vareabl\ferst vareabl.csproj", "{33875432-4D0C-4BA2-9797-FC7DD0FF3E34}"
EndProject
Global
	GlobalSection(SolutionConfigurationPlatforms) = preSolution
		Debug|Any CPU = Debug|Any CPU
		Release|Any CPU = Release|Any CPU
	EndGlobalSection
	GlobalSection(ProjectConfigurationPlatforms) = postSolution
		{33875432-4D0C-4BA2-9797-FC7DD0FF3E34}.Debug|Any CPU.ActiveCfg = Debug|Any CPU
		{33875432-4D0C-4BA2-9797-FC7DD0FF3E34}.Debug|Any CPU.Build.0 = Debug|Any CPU
		{33875432-4D0C-4BA2-9797-FC7DD0FF3E34}.Release|Any CPU.ActiveCfg = Release|Any CPU
		{33875432-4D0C-4BA2-9797-FC7DD0FF3E34}.Release|Any CPU.Build.0 = Release|Any CPU
	EndGlobalSection
	GlobalSection(SolutionProperties) = preSolution
		HideSolutionNode = FALSE
	EndGlobalSection
	GlobalSection(ExtensibilityGlobals) = postSolution
		SolutionGuid = {476D66B0-E07E-4BA1-8BD6-2AF272C5EC9A}
	EndGlobalSection
EndGlobal
