
Microsoft Visual Studio Solution File, Format Version 12.00
# Visual Studio 15
VisualStudioVersion = 15.0.26730.12
MinimumVisualStudioVersion = 10.0.40219.1
Project("{FAE04EC0-301F-11D3-BF4B-00C04F79EFBC}") = "ferst app", "ferst app\ferst app.csproj", "{350729B9-2BA9-4E06-8FD8-0E1494E20653}"
EndProject
Global
	GlobalSection(SolutionConfigurationPlatforms) = preSolution
		Debug|Any CPU = Debug|Any CPU
		Release|Any CPU = Release|Any CPU
	EndGlobalSection
	GlobalSection(ProjectConfigurationPlatforms) = postSolution
		{350729B9-2BA9-4E06-8FD8-0E1494E20653}.Debug|Any CPU.ActiveCfg = Debug|Any CPU
		{350729B9-2BA9-4E06-8FD8-0E1494E20653}.Debug|Any CPU.Build.0 = Debug|Any CPU
		{350729B9-2BA9-4E06-8FD8-0E1494E20653}.Release|Any CPU.ActiveCfg = Release|Any CPU
		{350729B9-2BA9-4E06-8FD8-0E1494E20653}.Release|Any CPU.Build.0 = Release|Any CPU
	EndGlobalSection
	GlobalSection(SolutionProperties) = preSolution
		HideSolutionNode = FALSE
	EndGlobalSection
	GlobalSection(ExtensibilityGlobals) = postSolution
		SolutionGuid = {A868966A-42EC-43C0-9F8C-2FB9BB40B041}
	EndGlobalSection
EndGlobal
